
Microsoft Visual Studio Solution File, Format Version 12.00
# Visual Studio Version 16
VisualStudioVersion = 25.0.1700.0
MinimumVisualStudioVersion = 10.0.40219.1
Project("{FAE04EC0-301F-11D3-BF4B-00C04F79EFBC}") = "Squashable", "Squashable\Squashable.csproj", "{E4E54677-F9B3-4965-95BB-838FB740DFB4}"
EndProject
Project("{FAE04EC0-301F-11D3-BF4B-00C04F79EFBC}") = "Bug.Data", "Bug.Data\Bug.Data.csproj", "{8446E6A4-12A9-4106-B445-803D291347A8}"
EndProject
Global
	GlobalSection(SolutionConfigurationPlatforms) = preSolution
		Debug|Any CPU = Debug|Any CPU
		Release|Any CPU = Release|Any CPU
	EndGlobalSection
	GlobalSection(ProjectConfigurationPlatforms) = postSolution
		{E4E54677-F9B3-4965-95BB-838FB740DFB4}.Debug|Any CPU.ActiveCfg = Debug|Any CPU
		{E4E54677-F9B3-4965-95BB-838FB740DFB4}.Debug|Any CPU.Build.0 = Debug|Any CPU
		{E4E54677-F9B3-4965-95BB-838FB740DFB4}.Release|Any CPU.ActiveCfg = Release|Any CPU
		{E4E54677-F9B3-4965-95BB-838FB740DFB4}.Release|Any CPU.Build.0 = Release|Any CPU
		{8446E6A4-12A9-4106-B445-803D291347A8}.Debug|Any CPU.ActiveCfg = Debug|Any CPU
		{8446E6A4-12A9-4106-B445-803D291347A8}.Debug|Any CPU.Build.0 = Debug|Any CPU
		{8446E6A4-12A9-4106-B445-803D291347A8}.Release|Any CPU.ActiveCfg = Release|Any CPU
		{8446E6A4-12A9-4106-B445-803D291347A8}.Release|Any CPU.Build.0 = Release|Any CPU
	EndGlobalSection
	GlobalSection(SolutionProperties) = preSolution
		HideSolutionNode = FALSE
	EndGlobalSection
	GlobalSection(ExtensibilityGlobals) = postSolution
		SolutionGuid = {670ECA49-9C05-4329-A71E-FF18D52019F8}
	EndGlobalSection
EndGlobal
